# THIS IS AN AUTOGENERATED FILE. DO NOT EDIT THIS FILE DIRECTLY.
# yarn lockfile v1


"@babel/helper-validator-identifier@^7.14.9":
  version "7.14.9"
  resolved "https://registry.yarnpkg.com/@babel/helper-validator-identifier/-/helper-validator-identifier-7.14.9.tgz#6654d171b2024f6d8ee151bf2509699919131d48"
  integrity sha512-pQYxPY0UP6IHISRitNe8bsijHex4TWZXi2HwKVsjPiltzlhse2znVcm9Ace510VT1kxIHjGJCZZQBX2gJDbo0g==

"@babel/parser@^7.12.0":
  version "7.15.6"
  resolved "https://registry.yarnpkg.com/@babel/parser/-/parser-7.15.6.tgz#043b9aa3c303c0722e5377fef9197f4cf1796549"
  integrity sha512-S/TSCcsRuCkmpUuoWijua0Snt+f3ewU/8spLo+4AXJCZfT0bVCzLD5MuOKdrx0mlAptbKzn5AdgEIIKXxXkz9Q==

"@babel/types@^7.12.0":
  version "7.15.6"
  resolved "https://registry.yarnpkg.com/@babel/types/-/types-7.15.6.tgz#99abdc48218b2881c058dd0a7ab05b99c9be758f"
  integrity sha512-BPU+7QhqNjmWyDO0/vitH/CuhpV8ZmK1wpKva8nuyNF5MJfuRNWMc+hc14+u9xT93kvykMdncrJT19h74uB1Ig==
  dependencies:
    "@babel/helper-validator-identifier" "^7.14.9"
    to-fast-properties "^2.0.0"

"@vue/compiler-core@3.0.7":
  version "3.0.7"
  resolved "https://registry.yarnpkg.com/@vue/compiler-core/-/compiler-core-3.0.7.tgz#421782a4c67cc3f2b7c30457ef446d74f8524f74"
  integrity sha512-JFohgBXoyUc3mdeI2WxlhjQZ5fakfemJkZHX8Gu/nFbEg3+lKVUZmNKWmmnp9aOzJQZKoj77LjmFxiP+P+7lMQ==
  dependencies:
    "@babel/parser" "^7.12.0"
    "@babel/types" "^7.12.0"
    "@vue/shared" "3.0.7"
    estree-walker "^2.0.1"
    source-map "^0.6.1"

"@vue/compiler-dom@3.0.7":
  version "3.0.7"
  resolved "https://registry.yarnpkg.com/@vue/compiler-dom/-/compiler-dom-3.0.7.tgz#54d2e12fb9a7aff53abd19dac2c2679533f0c919"
  integrity sha512-VnIH9EbWQm/Tkcp+8dCaNVsVvhm/vxCrIKWRkXY9215hTqOqQOvejT8IMjd2kc++nIsYMsdQk6H9qqBvoLe/Cw==
  dependencies:
    "@vue/compiler-core" "3.0.7"
    "@vue/shared" "3.0.7"

"@vue/reactivity@3.0.7":
  version "3.0.7"
  resolved "https://registry.yarnpkg.com/@vue/reactivity/-/reactivity-3.0.7.tgz#e6ccc7bef7fc10b0972e4d974bad71679d3b26ad"
  integrity sha512-FotWcNNaKhqpFZrdgsUOZ1enlJ5lhTt01CNTtLSyK7jYFgZBTuw8vKsEutZKDYZ1XKotOfoeO8N3pZQqmM6Etw==
  dependencies:
    "@vue/shared" "3.0.7"

"@vue/runtime-core@3.0.7":
  version "3.0.7"
  resolved "https://registry.yarnpkg.com/@vue/runtime-core/-/runtime-core-3.0.7.tgz#d44c0b0a57d7e392912a87362a4430ccf446ecea"
  integrity sha512-DBAZAwVvdmMXuyd6/9qqj/kYr/GaLTmn1L2/QLxLwP+UfhIboiTSBc/tUUb8MRk7Bb98GzNeAWkkT6AfooS3dQ==
  dependencies:
    "@vue/reactivity" "3.0.7"
    "@vue/shared" "3.0.7"

"@vue/runtime-dom@3.0.7":
  version "3.0.7"
  resolved "https://registry.yarnpkg.com/@vue/runtime-dom/-/runtime-dom-3.0.7.tgz#b70668d729020bc4ad608c20367223f259576ba6"
  integrity sha512-Oij4ruOtnpQpCj+/Q3JPzgpTJ1Q7+N67pA53A8KVITEtxfvKL46NN6dhAZ5NGqwX6RWZpYqWQNewITeF0pHr8g==
  dependencies:
    "@vue/runtime-core" "3.0.7"
    "@vue/shared" "3.0.7"
    csstype "^2.6.8"

"@vue/shared@3.0.7":
  version "3.0.7"
  resolved "https://registry.yarnpkg.com/@vue/shared/-/shared-3.0.7.tgz#96d52988efc07444c108c7c6803ba7cc93e40045"
  integrity sha512-dn5FyfSc4ky424jH4FntiHno7Ss5yLkqKNmM/NXwANRnlkmqu74pnGetexDFVG5phMk9/FhwovUZCWGxsotVKg==

csstype@^2.6.8:
  version "2.6.17"
  resolved "https://registry.yarnpkg.com/csstype/-/csstype-2.6.17.tgz#4cf30eb87e1d1a005d8b6510f95292413f6a1c0e"
  integrity sha512-u1wmTI1jJGzCJzWndZo8mk4wnPTZd1eOIYTYvuEyOQGfmDl3TrabCCfKnOC86FZwW/9djqTl933UF/cS425i9A==

estree-walker@^2.0.1:
  version "2.0.2"
  resolved "https://registry.yarnpkg.com/estree-walker/-/estree-walker-2.0.2.tgz#52f010178c2a4c117a7757cfe942adb7d2da4cac"
  integrity sha512-Rfkk/Mp/DL7JVje3u18FxFujQlTNR2q6QfMSMB7AvCBx91NGj/ba3kCfza0f6dVDbw7YlRf/nDrn7pQrCCyQ/w==

source-map@^0.6.1:
  version "0.6.1"
  resolved "https://registry.yarnpkg.com/source-map/-/source-map-0.6.1.tgz#74722af32e9614e9c287a8d0bbde48b5e2f1a263"
  integrity sha512-UjgapumWlbMhkBgzT7Ykc5YXUT46F0iKu8SGXq0bcwP5dz/h0Plj6enJqjz1Zbq2l5WaqYnrVbwWOWMyF3F47g==

to-fast-properties@^2.0.0:
  version "2.0.0"
  resolved "https://registry.yarnpkg.com/to-fast-properties/-/to-fast-properties-2.0.0.tgz#dc5e698cbd079265bc73e0377681a4e4e83f616e"
  integrity sha1-3F5pjL0HkmW8c+A3doGk5Og/YW4=

vue@3.0.7:
  version "3.0.7"
  resolved "https://registry.yarnpkg.com/vue/-/vue-3.0.7.tgz#8bcff51f8be570f9e4ce8cc5f52e2ab0fe3c74a1"
  integrity sha512-8h4TikD+JabbMK9aRlBO4laG0AtNHRPHynxYgWZ9sq1YUPfzynd9Jeeb27XNyZytC7aCQRX9xe1+TQJuc181Tw==
  dependencies:
    "@vue/compiler-dom" "3.0.7"
    "@vue/runtime-dom" "3.0.7"
    "@vue/shared" "3.0.7"

wave-ui@next:
  version "2.23.0"
  resolved "https://registry.yarnpkg.com/wave-ui/-/wave-ui-2.23.0.tgz#24f99c71c2de5c5b2ec26eac657936229b3dd3e5"
  integrity sha512-YhN+CskWH6hB4Td7oG5fAewHHp/NBgI7wZthXnv60b97Q+A48Pw9bdJSmnTYXmDCCXAtei4jTDaDr26GPulJUQ==
